{
  "name": "cc128-sismics-home-client",
  "dependencies": {
    "restler": {
      "version": "3.2.2"
    },
    "ccxmleventemitter": {
      "version": "0.9.9-beta",
      "from": "ccxmleventemitter@0.9.9-beta",
      "dependencies": {
        "serialport": {
          "version": "1.4.0",
          "from": "ccxmleventemitter@1.1.0"
        },
        "sax": {
          "version": "0.5.4",
          "from": "sax@0.5.4"
        }
      }
    }
  }
}
